
Microsoft Visual Studio Solution File, Format Version 12.00
# Visual Studio Version 16
VisualStudioVersion = 16.0.29306.81
MinimumVisualStudioVersion = 10.0.40219.1
Project("{FAE04EC0-301F-11D3-BF4B-00C04F79EFBC}") = "archNoire", "archNoire\archNoire.csproj", "{92390F5B-ACB6-4AE7-9B3A-4056B36E21DA}"
EndProject
Global
	GlobalSection(SolutionConfigurationPlatforms) = preSolution
		Debug|Any CPU = Debug|Any CPU
		Release|Any CPU = Release|Any CPU
	EndGlobalSection
	GlobalSection(ProjectConfigurationPlatforms) = postSolution
		{92390F5B-ACB6-4AE7-9B3A-4056B36E21DA}.Debug|Any CPU.ActiveCfg = Debug|Any CPU
		{92390F5B-ACB6-4AE7-9B3A-4056B36E21DA}.Debug|Any CPU.Build.0 = Debug|Any CPU
		{92390F5B-ACB6-4AE7-9B3A-4056B36E21DA}.Release|Any CPU.ActiveCfg = Release|Any CPU
		{92390F5B-ACB6-4AE7-9B3A-4056B36E21DA}.Release|Any CPU.Build.0 = Release|Any CPU
	EndGlobalSection
	GlobalSection(SolutionProperties) = preSolution
		HideSolutionNode = FALSE
	EndGlobalSection
	GlobalSection(ExtensibilityGlobals) = postSolution
		SolutionGuid = {D47F3A5C-D76B-49C1-A40A-26B47C8A2586}
	EndGlobalSection
EndGlobal
